# Run ./gradlew --write-locks to regenerate this file
com.fasterxml.jackson.core:jackson-annotations:2.13.4 (4 constraints: 6143162e)
com.fasterxml.jackson.core:jackson-core:2.13.4 (3 constraints: 5840e271)
com.fasterxml.jackson.core:jackson-databind:2.13.4.2 (8 constraints: 478208f9)
com.fasterxml.jackson.dataformat:jackson-dataformat-yaml:2.13.4 (2 constraints: ff13b482)
com.fasterxml.jackson.datatype:jackson-datatype-jdk8:2.13.4 (2 constraints: ff13b482)
com.google.code.findbugs:jsr305:3.0.2 (3 constraints: b41e96b5)
com.google.errorprone:error_prone_annotations:2.11.0 (8 constraints: 6a6de263)
com.google.guava:failureaccess:1.0.1 (1 constraints: 140ae1b4)
com.google.guava:guava:31.1-jre (5 constraints: 954c6f86)
com.google.guava:listenablefuture:9999.0-empty-to-avoid-conflict-with-guava (1 constraints: bd17c918)
com.google.j2objc:j2objc-annotations:1.3 (1 constraints: b809eda0)
com.palantir.common:streams:2.0.0 (1 constraints: 0405f535)
com.palantir.conjure:conjure-api-objects:4.35.0 (2 constraints: 5f225ae4)
com.palantir.conjure:conjure-generator-common:4.35.0 (2 constraints: 03143683)
com.palantir.conjure.java:conjure-lib:6.65.0 (1 constraints: 731145e5)
com.palantir.conjure.java.api:errors:2.27.0 (1 constraints: 2310a3a9)
com.palantir.ri:resource-identifier:2.5.0 (1 constraints: ef0f7999)
com.palantir.safe-logging:logger:1.25.0 (1 constraints: 070e8745)
com.palantir.safe-logging:logger-slf4j:1.25.0 (1 constraints: 330e8e50)
com.palantir.safe-logging:logger-spi:1.25.0 (2 constraints: 751ea2b0)
com.palantir.safe-logging:preconditions:3.0.0 (4 constraints: fc40895d)
com.palantir.safe-logging:safe-logging:3.0.0 (6 constraints: 42618cba)
com.palantir.tokens:auth-tokens:3.14.0 (1 constraints: 20109ca9)
info.picocli:picocli:4.7.0 (1 constraints: 0d051436)
jakarta.annotation:jakarta.annotation-api:1.3.5 (2 constraints: e420a159)
jakarta.ws.rs:jakarta.ws.rs-api:2.1.6 (2 constraints: e420a159)
org.apache.commons:commons-lang3:3.12.0 (2 constraints: f7130682)
org.checkerframework:checker-qual:3.12.0 (1 constraints: 480a3bbf)
org.immutables:value:2.8.8 (1 constraints: 14051536)
org.jetbrains:annotations:23.0.0 (1 constraints: 671117e5)
org.slf4j:slf4j-api:1.7.36 (5 constraints: 673c7419)
org.slf4j:slf4j-simple:1.7.36 (1 constraints: 43054b3b)
org.yaml:snakeyaml:1.31 (1 constraints: 6d17f627)

[Test dependencies]
com.palantir.conjure:conjure-core:4.35.0 (1 constraints: 3e05523b)
com.palantir.syntactic-paths:syntactic-paths:0.9.0 (1 constraints: 930ec257)
junit:junit:4.13.2 (1 constraints: 3c05463b)
net.bytebuddy:byte-buddy:1.12.16 (2 constraints: ef164566)
net.bytebuddy:byte-buddy-agent:1.12.16 (1 constraints: 750baee9)
org.assertj:assertj-core:3.23.1 (1 constraints: 3b05433b)
org.glassfish.hk2:osgi-resource-locator:1.0.3 (1 constraints: ef10e7c2)
org.glassfish.hk2.external:jakarta.inject:2.6.1 (1 constraints: f410fcc2)
org.glassfish.jersey.core:jersey-common:2.34 (1 constraints: 650e3149)
org.hamcrest:hamcrest-core:1.3 (1 constraints: cc05fe3f)
org.mockito:mockito-core:4.8.1 (1 constraints: 0f051836)
org.objenesis:objenesis:3.2 (1 constraints: b10a13bd)
