# Run ./gradlew writeVersionsLocks to regenerate this file
com.fasterxml.jackson.core:jackson-annotations:2.18.3 (5 constraints: 8b53b716)
com.fasterxml.jackson.core:jackson-core:2.18.3 (4 constraints: 885089f1)
com.fasterxml.jackson.core:jackson-databind:2.18.3 (8 constraints: 438123d6)
com.fasterxml.jackson.dataformat:jackson-dataformat-yaml:2.18.3 (2 constraints: 06147b83)
com.fasterxml.jackson.datatype:jackson-datatype-jdk8:2.18.3 (2 constraints: 06147b83)
com.google.code.findbugs:jsr305:3.0.2 (2 constraints: 9e14e59e)
com.google.errorprone:error_prone_annotations:2.36.0 (10 constraints: a3890a48)
com.google.guava:failureaccess:1.0.3 (1 constraints: 160ae3b4)
com.google.guava:guava:33.4.8-jre (6 constraints: 1f5e5ce7)
com.google.guava:listenablefuture:9999.0-empty-to-avoid-conflict-with-guava (1 constraints: bd17c918)
com.google.j2objc:j2objc-annotations:3.0.0 (1 constraints: 150aeab4)
com.palantir.common:streams:2.4.0 (1 constraints: 08050136)
com.palantir.conjure:conjure-api-objects:4.51.0 (2 constraints: 5b22e4e3)
com.palantir.conjure:conjure-generator-common:4.51.0 (2 constraints: ff13d882)
com.palantir.conjure.java:conjure-lib:8.37.0 (1 constraints: 74114be5)
com.palantir.conjure.java.api:errors:2.56.0 (1 constraints: 2510aca9)
com.palantir.ri:resource-identifier:2.7.0 (1 constraints: f10f7f99)
com.palantir.safe-logging:logger:3.7.0 (2 constraints: 301c17ba)
com.palantir.safe-logging:logger-slf4j:3.7.0 (1 constraints: 050e6842)
com.palantir.safe-logging:logger-spi:3.7.0 (2 constraints: 191ea27b)
com.palantir.safe-logging:preconditions:3.7.0 (5 constraints: c54efd5d)
com.palantir.safe-logging:safe-logging:3.7.0 (7 constraints: 80708373)
com.palantir.tokens:auth-tokens:3.18.0 (1 constraints: 2410a8a9)
com.palantir.tritium:tritium-ids:0.95.0 (1 constraints: d10fb396)
info.picocli:picocli:4.7.7 (1 constraints: 14051b36)
javax.ws.rs:javax.ws.rs-api:2.1.1 (2 constraints: f915eae9)
org.apache.commons:commons-lang3:3.17.0 (2 constraints: 0114fb82)
org.eclipse.collections:eclipse-collections:11.1.0 (1 constraints: 1b108aa9)
org.eclipse.collections:eclipse-collections-api:11.1.0 (2 constraints: f8229c26)
org.immutables:value:2.10.1 (2 constraints: fc1456c1)
org.jetbrains:annotations:24.1.0 (3 constraints: 6432e0c8)
org.jspecify:jspecify:1.0.0 (1 constraints: 130ae0b4)
org.slf4j:slf4j-api:2.0.17 (5 constraints: 4c3c820e)
org.slf4j:slf4j-simple:2.0.17 (1 constraints: 3c05323b)
org.yaml:snakeyaml:2.3 (1 constraints: 3d178c10)

[Test dependencies]
com.palantir.conjure:conjure-core:4.51.0 (1 constraints: 3c054e3b)
com.palantir.syntactic-paths:syntactic-paths:0.9.0 (1 constraints: 930ec257)
javax.annotation:javax.annotation-api:1.3.2 (1 constraints: f410f2c2)
javax.inject:javax.inject:1 (1 constraints: f410fcc2)
junit:junit:4.13.2 (2 constraints: eb154ef7)
net.bytebuddy:byte-buddy:1.17.5 (2 constraints: c616fe4f)
net.bytebuddy:byte-buddy-agent:1.17.5 (1 constraints: 480b4cde)
org.apiguardian:apiguardian-api:1.1.2 (7 constraints: cc761de9)
org.assertj:assertj-core:3.27.3 (1 constraints: 4105513b)
org.glassfish.hk2:osgi-resource-locator:1.0.3 (1 constraints: ef10e7c2)
org.glassfish.jersey.core:jersey-common:2.34 (1 constraints: 650e3149)
org.hamcrest:hamcrest-core:1.3 (1 constraints: cc05fe3f)
org.junit.jupiter:junit-jupiter:5.13.2 (1 constraints: 7c072e77)
org.junit.jupiter:junit-jupiter-api:5.13.2 (3 constraints: fa2fd952)
org.junit.jupiter:junit-jupiter-engine:5.13.2 (1 constraints: 380e084a)
org.junit.jupiter:junit-jupiter-params:5.13.2 (1 constraints: 380e084a)
org.junit.platform:junit-platform-commons:1.13.2 (2 constraints: 35212984)
org.junit.platform:junit-platform-engine:1.13.2 (3 constraints: f933f2a4)
org.junit.platform:junit-platform-launcher:1.13.2 (1 constraints: 3905343b)
org.junit.vintage:junit-vintage-engine:5.13.2 (1 constraints: 3d054c3b)
org.mockito:mockito-core:5.18.0 (1 constraints: 4005593b)
org.objenesis:objenesis:3.3 (1 constraints: b20a14bd)
org.opentest4j:opentest4j:1.3.0 (2 constraints: cf209249)
