# Run ./gradlew --write-locks to regenerate this file
com.fasterxml.jackson.core:jackson-annotations:2.14.2 (4 constraints: 61438c2d)
com.fasterxml.jackson.core:jackson-core:2.14.2 (3 constraints: 55402771)
com.fasterxml.jackson.core:jackson-databind:2.14.2 (8 constraints: 21815abc)
com.fasterxml.jackson.dataformat:jackson-dataformat-yaml:2.14.2 (2 constraints: fc138a82)
com.fasterxml.jackson.datatype:jackson-datatype-jdk8:2.14.2 (2 constraints: fc138a82)
com.google.code.findbugs:jsr305:3.0.2 (3 constraints: b41e96b5)
com.google.errorprone:error_prone_annotations:2.11.0 (8 constraints: 6a6de263)
com.google.guava:failureaccess:1.0.1 (1 constraints: 140ae1b4)
com.google.guava:guava:31.1-jre (5 constraints: 954c6f86)
com.google.guava:listenablefuture:9999.0-empty-to-avoid-conflict-with-guava (1 constraints: bd17c918)
com.google.j2objc:j2objc-annotations:1.3 (1 constraints: b809eda0)
com.palantir.common:streams:2.1.0 (1 constraints: 0505f835)
com.palantir.conjure:conjure-api-objects:4.36.0 (2 constraints: 612297e4)
com.palantir.conjure:conjure-generator-common:4.36.0 (2 constraints: 05146783)
com.palantir.conjure.java:conjure-lib:6.69.0 (1 constraints: 771151e5)
com.palantir.conjure.java.api:errors:2.34.0 (1 constraints: 21109ea9)
com.palantir.ri:resource-identifier:2.5.0 (1 constraints: ef0f7999)
com.palantir.safe-logging:logger:3.0.0 (1 constraints: d20d7837)
com.palantir.safe-logging:logger-slf4j:3.0.0 (1 constraints: fe0d5342)
com.palantir.safe-logging:logger-spi:3.0.0 (2 constraints: 0b1e2f7a)
com.palantir.safe-logging:preconditions:3.2.0 (4 constraints: 5d4059bc)
com.palantir.safe-logging:safe-logging:3.2.0 (6 constraints: a660fddd)
com.palantir.tokens:auth-tokens:3.16.0 (1 constraints: 2210a2a9)
info.picocli:picocli:4.7.1 (1 constraints: 0e051536)
javax.annotation:javax.annotation-api:1.3.2 (2 constraints: e420a159)
javax.ws.rs:javax.ws.rs-api:2.1.1 (2 constraints: e420a159)
org.apache.commons:commons-lang3:3.12.0 (2 constraints: f7130682)
org.checkerframework:checker-qual:3.12.0 (1 constraints: 480a3bbf)
org.immutables:value:2.9.3 (1 constraints: 10051336)
org.jetbrains:annotations:23.0.0 (3 constraints: 5e32a8c7)
org.slf4j:slf4j-api:1.7.36 (5 constraints: 673c7419)
org.slf4j:slf4j-simple:1.7.36 (1 constraints: 43054b3b)
org.yaml:snakeyaml:1.33 (1 constraints: 6f17f827)

[Test dependencies]
com.palantir.conjure:conjure-core:4.36.0 (1 constraints: 3f05553b)
com.palantir.syntactic-paths:syntactic-paths:0.9.0 (1 constraints: 930ec257)
junit:junit:4.13.2 (1 constraints: 3c05463b)
net.bytebuddy:byte-buddy:1.14.1 (2 constraints: bd16a34f)
net.bytebuddy:byte-buddy-agent:1.14.1 (1 constraints: 410b3fde)
org.assertj:assertj-core:3.24.2 (1 constraints: 3d05473b)
org.glassfish.hk2:osgi-resource-locator:1.0.3 (1 constraints: ef10e7c2)
org.glassfish.hk2.external:jakarta.inject:2.6.1 (1 constraints: f410fcc2)
org.glassfish.jersey.core:jersey-common:2.34 (1 constraints: 650e3149)
org.hamcrest:hamcrest-core:1.3 (1 constraints: cc05fe3f)
org.mockito:mockito-core:5.2.0 (1 constraints: 09050a36)
org.objenesis:objenesis:3.3 (1 constraints: b20a14bd)
